
Microsoft Visual Studio Solution File, Format Version 12.00
# Visual Studio Version 17
VisualStudioVersion = 17.11.35219.272
MinimumVisualStudioVersion = 10.0.40219.1
Project("{9A19103F-16F7-4668-BE54-9A1E7A4F7556}") = "ZoDream.Archiver", "ZoDream.Archiver\ZoDream.Archiver.csproj", "{72A21D8A-5003-4C27-90FC-FBE7EB63627D}"
EndProject
Project("{9A19103F-16F7-4668-BE54-9A1E7A4F7556}") = "ZoDream.Shared", "ZoDream.Shared\ZoDream.Shared.csproj", "{00CA7BBD-518F-458A-98DA-67D19E96212A}"
EndProject
Project("{9A19103F-16F7-4668-BE54-9A1E7A4F7556}") = "ZoDream.Shared.Compression", "ZoDream.Shared.Compression\ZoDream.Shared.Compression.csproj", "{31E0CC69-E49C-47DB-A809-494477649E00}"
EndProject
Project("{9A19103F-16F7-4668-BE54-9A1E7A4F7556}") = "ZoDream.Shared.Encryption", "ZoDream.Shared.Encryption\ZoDream.Shared.Encryption.csproj", "{7349AA2B-BAF7-4D8A-A891-20A6EBFD5991}"
EndProject
Project("{2150E333-8FDC-42A3-9474-1A3956D46DE8}") = "plugins", "plugins", "{BD2D8554-869B-4D1A-B768-2608F8FAE5CF}"
EndProject
Project("{9A19103F-16F7-4668-BE54-9A1E7A4F7556}") = "BundleExtractor", "plugins\BundleExtractor\BundleExtractor.csproj", "{1B7DC948-C8A4-4772-B372-2008D0D7B44E}"
EndProject
Project("{9A19103F-16F7-4668-BE54-9A1E7A4F7556}") = "ZoDream.Shared.RustWrapper", "ZoDream.Shared.RustWrapper\ZoDream.Shared.RustWrapper.csproj", "{A2D572D5-39C9-414B-B54C-4344603990BB}"
EndProject
Project("{9A19103F-16F7-4668-BE54-9A1E7A4F7556}") = "WallpaperExtractor", "plugins\WallpaperExtractor\WallpaperExtractor.csproj", "{EC83F350-E23F-432E-9576-65CB14FD4B93}"
EndProject
Project("{9A19103F-16F7-4668-BE54-9A1E7A4F7556}") = "ZoDream.Shared.Drawing", "ZoDream.Shared.Drawing\ZoDream.Shared.Drawing.csproj", "{E14BABDD-C63B-4D7A-8F7D-3D6A8FCC7EF5}"
EndProject
Project("{9A19103F-16F7-4668-BE54-9A1E7A4F7556}") = "ZoDream.Tests", "ZoDream.Tests\ZoDream.Tests.csproj", "{03E6A250-872D-4150-800A-2B2FA7C384B8}"
EndProject
Project("{9A19103F-16F7-4668-BE54-9A1E7A4F7556}") = "ZoDream.Shared.Logging", "ZoDream.Shared.Logging\ZoDream.Shared.Logging.csproj", "{84F0E1B4-AA4E-490D-BE92-B70A5B43C8D5}"
EndProject
Project("{9A19103F-16F7-4668-BE54-9A1E7A4F7556}") = "ZoDream.Shared.Media", "ZoDream.Shared.Media\ZoDream.Shared.Media.csproj", "{83959BC8-D57C-4F84-8B7C-980569BD50C2}"
EndProject
Project("{9A19103F-16F7-4668-BE54-9A1E7A4F7556}") = "ChmExtractor", "plugins\ChmExtractor\ChmExtractor.csproj", "{EE6BD344-E60A-4837-B4B9-BFD31DC2DA0F}"
EndProject
Project("{9A19103F-16F7-4668-BE54-9A1E7A4F7556}") = "EpubExtractor", "plugins\EpubExtractor\EpubExtractor.csproj", "{93E88CBA-AD2E-453D-A4CB-CE072EC1C030}"
EndProject
Project("{9A19103F-16F7-4668-BE54-9A1E7A4F7556}") = "PdfInserter", "plugins\PdfInserter\PdfInserter.csproj", "{1B43D1E5-24DA-4F92-B0ED-316EAE083D7C}"
EndProject
Project("{FAE04EC0-301F-11D3-BF4B-00C04F79EFBC}") = "ZoDream.Shared.Bundle", "ZoDream.Shared.Bundle\ZoDream.Shared.Bundle.csproj", "{55ADCEE0-CBFB-457D-991D-04FF712729CC}"
EndProject
Project("{FAE04EC0-301F-11D3-BF4B-00C04F79EFBC}") = "LuaDecompiler", "plugins\LuaDecompiler\LuaDecompiler.csproj", "{A79CCBC0-96B3-4B33-BC23-B2C4746D62DA}"
EndProject
Project("{FAE04EC0-301F-11D3-BF4B-00C04F79EFBC}") = "ZoDream.Shared.Language", "ZoDream.Shared.Language\ZoDream.Shared.Language.csproj", "{4A9B8E65-D9D7-4AA1-8FB0-143F4FB3026F}"
EndProject
Project("{FAE04EC0-301F-11D3-BF4B-00C04F79EFBC}") = "ShaderDecompiler", "plugins\ShaderDecompiler\ShaderDecompiler.csproj", "{B71AB148-2C1F-4EBE-80B4-EB1B6F6A4182}"
EndProject
Global
	GlobalSection(SolutionConfigurationPlatforms) = preSolution
		Debug|Any CPU = Debug|Any CPU
		Debug|ARM64 = Debug|ARM64
		Debug|x64 = Debug|x64
		Debug|x86 = Debug|x86
		Release|Any CPU = Release|Any CPU
		Release|ARM64 = Release|ARM64
		Release|x64 = Release|x64
		Release|x86 = Release|x86
	EndGlobalSection
	GlobalSection(ProjectConfigurationPlatforms) = postSolution
		{72A21D8A-5003-4C27-90FC-FBE7EB63627D}.Debug|Any CPU.ActiveCfg = Debug|x64
		{72A21D8A-5003-4C27-90FC-FBE7EB63627D}.Debug|Any CPU.Build.0 = Debug|x64
		{72A21D8A-5003-4C27-90FC-FBE7EB63627D}.Debug|Any CPU.Deploy.0 = Debug|x64
		{72A21D8A-5003-4C27-90FC-FBE7EB63627D}.Debug|ARM64.ActiveCfg = Debug|ARM64
		{72A21D8A-5003-4C27-90FC-FBE7EB63627D}.Debug|ARM64.Build.0 = Debug|ARM64
		{72A21D8A-5003-4C27-90FC-FBE7EB63627D}.Debug|ARM64.Deploy.0 = Debug|ARM64
		{72A21D8A-5003-4C27-90FC-FBE7EB63627D}.Debug|x64.ActiveCfg = Debug|x64
		{72A21D8A-5003-4C27-90FC-FBE7EB63627D}.Debug|x64.Build.0 = Debug|x64
		{72A21D8A-5003-4C27-90FC-FBE7EB63627D}.Debug|x64.Deploy.0 = Debug|x64
		{72A21D8A-5003-4C27-90FC-FBE7EB63627D}.Debug|x86.ActiveCfg = Debug|x86
		{72A21D8A-5003-4C27-90FC-FBE7EB63627D}.Debug|x86.Build.0 = Debug|x86
		{72A21D8A-5003-4C27-90FC-FBE7EB63627D}.Debug|x86.Deploy.0 = Debug|x86
		{72A21D8A-5003-4C27-90FC-FBE7EB63627D}.Release|Any CPU.ActiveCfg = Release|x64
		{72A21D8A-5003-4C27-90FC-FBE7EB63627D}.Release|Any CPU.Build.0 = Release|x64
		{72A21D8A-5003-4C27-90FC-FBE7EB63627D}.Release|Any CPU.Deploy.0 = Release|x64
		{72A21D8A-5003-4C27-90FC-FBE7EB63627D}.Release|ARM64.ActiveCfg = Release|ARM64
		{72A21D8A-5003-4C27-90FC-FBE7EB63627D}.Release|ARM64.Build.0 = Release|ARM64
		{72A21D8A-5003-4C27-90FC-FBE7EB63627D}.Release|ARM64.Deploy.0 = Release|ARM64
		{72A21D8A-5003-4C27-90FC-FBE7EB63627D}.Release|x64.ActiveCfg = Release|x64
		{72A21D8A-5003-4C27-90FC-FBE7EB63627D}.Release|x64.Build.0 = Release|x64
		{72A21D8A-5003-4C27-90FC-FBE7EB63627D}.Release|x64.Deploy.0 = Release|x64
		{72A21D8A-5003-4C27-90FC-FBE7EB63627D}.Release|x86.ActiveCfg = Release|x86
		{72A21D8A-5003-4C27-90FC-FBE7EB63627D}.Release|x86.Build.0 = Release|x86
		{72A21D8A-5003-4C27-90FC-FBE7EB63627D}.Release|x86.Deploy.0 = Release|x86
		{00CA7BBD-518F-458A-98DA-67D19E96212A}.Debug|Any CPU.ActiveCfg = Debug|Any CPU
		{00CA7BBD-518F-458A-98DA-67D19E96212A}.Debug|Any CPU.Build.0 = Debug|Any CPU
		{00CA7BBD-518F-458A-98DA-67D19E96212A}.Debug|ARM64.ActiveCfg = Debug|Any CPU
		{00CA7BBD-518F-458A-98DA-67D19E96212A}.Debug|ARM64.Build.0 = Debug|Any CPU
		{00CA7BBD-518F-458A-98DA-67D19E96212A}.Debug|x64.ActiveCfg = Debug|Any CPU
		{00CA7BBD-518F-458A-98DA-67D19E96212A}.Debug|x64.Build.0 = Debug|Any CPU
		{00CA7BBD-518F-458A-98DA-67D19E96212A}.Debug|x86.ActiveCfg = Debug|Any CPU
		{00CA7BBD-518F-458A-98DA-67D19E96212A}.Debug|x86.Build.0 = Debug|Any CPU
		{00CA7BBD-518F-458A-98DA-67D19E96212A}.Release|Any CPU.ActiveCfg = Release|Any CPU
		{00CA7BBD-518F-458A-98DA-67D19E96212A}.Release|Any CPU.Build.0 = Release|Any CPU
		{00CA7BBD-518F-458A-98DA-67D19E96212A}.Release|ARM64.ActiveCfg = Release|Any CPU
		{00CA7BBD-518F-458A-98DA-67D19E96212A}.Release|ARM64.Build.0 = Release|Any CPU
		{00CA7BBD-518F-458A-98DA-67D19E96212A}.Release|x64.ActiveCfg = Release|Any CPU
		{00CA7BBD-518F-458A-98DA-67D19E96212A}.Release|x64.Build.0 = Release|Any CPU
		{00CA7BBD-518F-458A-98DA-67D19E96212A}.Release|x86.ActiveCfg = Release|Any CPU
		{00CA7BBD-518F-458A-98DA-67D19E96212A}.Release|x86.Build.0 = Release|Any CPU
		{31E0CC69-E49C-47DB-A809-494477649E00}.Debug|Any CPU.ActiveCfg = Debug|Any CPU
		{31E0CC69-E49C-47DB-A809-494477649E00}.Debug|Any CPU.Build.0 = Debug|Any CPU
		{31E0CC69-E49C-47DB-A809-494477649E00}.Debug|ARM64.ActiveCfg = Debug|Any CPU
		{31E0CC69-E49C-47DB-A809-494477649E00}.Debug|ARM64.Build.0 = Debug|Any CPU
		{31E0CC69-E49C-47DB-A809-494477649E00}.Debug|x64.ActiveCfg = Debug|Any CPU
		{31E0CC69-E49C-47DB-A809-494477649E00}.Debug|x64.Build.0 = Debug|Any CPU
		{31E0CC69-E49C-47DB-A809-494477649E00}.Debug|x86.ActiveCfg = Debug|Any CPU
		{31E0CC69-E49C-47DB-A809-494477649E00}.Debug|x86.Build.0 = Debug|Any CPU
		{31E0CC69-E49C-47DB-A809-494477649E00}.Release|Any CPU.ActiveCfg = Release|Any CPU
		{31E0CC69-E49C-47DB-A809-494477649E00}.Release|Any CPU.Build.0 = Release|Any CPU
		{31E0CC69-E49C-47DB-A809-494477649E00}.Release|ARM64.ActiveCfg = Release|Any CPU
		{31E0CC69-E49C-47DB-A809-494477649E00}.Release|ARM64.Build.0 = Release|Any CPU
		{31E0CC69-E49C-47DB-A809-494477649E00}.Release|x64.ActiveCfg = Release|Any CPU
		{31E0CC69-E49C-47DB-A809-494477649E00}.Release|x64.Build.0 = Release|Any CPU
		{31E0CC69-E49C-47DB-A809-494477649E00}.Release|x86.ActiveCfg = Release|Any CPU
		{31E0CC69-E49C-47DB-A809-494477649E00}.Release|x86.Build.0 = Release|Any CPU
		{7349AA2B-BAF7-4D8A-A891-20A6EBFD5991}.Debug|Any CPU.ActiveCfg = Debug|Any CPU
		{7349AA2B-BAF7-4D8A-A891-20A6EBFD5991}.Debug|Any CPU.Build.0 = Debug|Any CPU
		{7349AA2B-BAF7-4D8A-A891-20A6EBFD5991}.Debug|ARM64.ActiveCfg = Debug|Any CPU
		{7349AA2B-BAF7-4D8A-A891-20A6EBFD5991}.Debug|ARM64.Build.0 = Debug|Any CPU
		{7349AA2B-BAF7-4D8A-A891-20A6EBFD5991}.Debug|x64.ActiveCfg = Debug|Any CPU
		{7349AA2B-BAF7-4D8A-A891-20A6EBFD5991}.Debug|x64.Build.0 = Debug|Any CPU
		{7349AA2B-BAF7-4D8A-A891-20A6EBFD5991}.Debug|x86.ActiveCfg = Debug|Any CPU
		{7349AA2B-BAF7-4D8A-A891-20A6EBFD5991}.Debug|x86.Build.0 = Debug|Any CPU
		{7349AA2B-BAF7-4D8A-A891-20A6EBFD5991}.Release|Any CPU.ActiveCfg = Release|Any CPU
		{7349AA2B-BAF7-4D8A-A891-20A6EBFD5991}.Release|Any CPU.Build.0 = Release|Any CPU
		{7349AA2B-BAF7-4D8A-A891-20A6EBFD5991}.Release|ARM64.ActiveCfg = Release|Any CPU
		{7349AA2B-BAF7-4D8A-A891-20A6EBFD5991}.Release|ARM64.Build.0 = Release|Any CPU
		{7349AA2B-BAF7-4D8A-A891-20A6EBFD5991}.Release|x64.ActiveCfg = Release|Any CPU
		{7349AA2B-BAF7-4D8A-A891-20A6EBFD5991}.Release|x64.Build.0 = Release|Any CPU
		{7349AA2B-BAF7-4D8A-A891-20A6EBFD5991}.Release|x86.ActiveCfg = Release|Any CPU
		{7349AA2B-BAF7-4D8A-A891-20A6EBFD5991}.Release|x86.Build.0 = Release|Any CPU
		{1B7DC948-C8A4-4772-B372-2008D0D7B44E}.Debug|Any CPU.ActiveCfg = Debug|Any CPU
		{1B7DC948-C8A4-4772-B372-2008D0D7B44E}.Debug|Any CPU.Build.0 = Debug|Any CPU
		{1B7DC948-C8A4-4772-B372-2008D0D7B44E}.Debug|ARM64.ActiveCfg = Debug|Any CPU
		{1B7DC948-C8A4-4772-B372-2008D0D7B44E}.Debug|ARM64.Build.0 = Debug|Any CPU
		{1B7DC948-C8A4-4772-B372-2008D0D7B44E}.Debug|x64.ActiveCfg = Debug|Any CPU
		{1B7DC948-C8A4-4772-B372-2008D0D7B44E}.Debug|x64.Build.0 = Debug|Any CPU
		{1B7DC948-C8A4-4772-B372-2008D0D7B44E}.Debug|x86.ActiveCfg = Debug|Any CPU
		{1B7DC948-C8A4-4772-B372-2008D0D7B44E}.Debug|x86.Build.0 = Debug|Any CPU
		{1B7DC948-C8A4-4772-B372-2008D0D7B44E}.Release|Any CPU.ActiveCfg = Release|Any CPU
		{1B7DC948-C8A4-4772-B372-2008D0D7B44E}.Release|Any CPU.Build.0 = Release|Any CPU
		{1B7DC948-C8A4-4772-B372-2008D0D7B44E}.Release|ARM64.ActiveCfg = Release|Any CPU
		{1B7DC948-C8A4-4772-B372-2008D0D7B44E}.Release|ARM64.Build.0 = Release|Any CPU
		{1B7DC948-C8A4-4772-B372-2008D0D7B44E}.Release|x64.ActiveCfg = Release|Any CPU
		{1B7DC948-C8A4-4772-B372-2008D0D7B44E}.Release|x64.Build.0 = Release|Any CPU
		{1B7DC948-C8A4-4772-B372-2008D0D7B44E}.Release|x86.ActiveCfg = Release|Any CPU
		{1B7DC948-C8A4-4772-B372-2008D0D7B44E}.Release|x86.Build.0 = Release|Any CPU
		{A2D572D5-39C9-414B-B54C-4344603990BB}.Debug|Any CPU.ActiveCfg = Debug|Any CPU
		{A2D572D5-39C9-414B-B54C-4344603990BB}.Debug|Any CPU.Build.0 = Debug|Any CPU
		{A2D572D5-39C9-414B-B54C-4344603990BB}.Debug|ARM64.ActiveCfg = Debug|Any CPU
		{A2D572D5-39C9-414B-B54C-4344603990BB}.Debug|ARM64.Build.0 = Debug|Any CPU
		{A2D572D5-39C9-414B-B54C-4344603990BB}.Debug|x64.ActiveCfg = Debug|Any CPU
		{A2D572D5-39C9-414B-B54C-4344603990BB}.Debug|x64.Build.0 = Debug|Any CPU
		{A2D572D5-39C9-414B-B54C-4344603990BB}.Debug|x86.ActiveCfg = Debug|Any CPU
		{A2D572D5-39C9-414B-B54C-4344603990BB}.Debug|x86.Build.0 = Debug|Any CPU
		{A2D572D5-39C9-414B-B54C-4344603990BB}.Release|Any CPU.ActiveCfg = Release|Any CPU
		{A2D572D5-39C9-414B-B54C-4344603990BB}.Release|Any CPU.Build.0 = Release|Any CPU
		{A2D572D5-39C9-414B-B54C-4344603990BB}.Release|ARM64.ActiveCfg = Release|Any CPU
		{A2D572D5-39C9-414B-B54C-4344603990BB}.Release|ARM64.Build.0 = Release|Any CPU
		{A2D572D5-39C9-414B-B54C-4344603990BB}.Release|x64.ActiveCfg = Release|Any CPU
		{A2D572D5-39C9-414B-B54C-4344603990BB}.Release|x64.Build.0 = Release|Any CPU
		{A2D572D5-39C9-414B-B54C-4344603990BB}.Release|x86.ActiveCfg = Release|Any CPU
		{A2D572D5-39C9-414B-B54C-4344603990BB}.Release|x86.Build.0 = Release|Any CPU
		{EC83F350-E23F-432E-9576-65CB14FD4B93}.Debug|Any CPU.ActiveCfg = Debug|Any CPU
		{EC83F350-E23F-432E-9576-65CB14FD4B93}.Debug|Any CPU.Build.0 = Debug|Any CPU
		{EC83F350-E23F-432E-9576-65CB14FD4B93}.Debug|ARM64.ActiveCfg = Debug|Any CPU
		{EC83F350-E23F-432E-9576-65CB14FD4B93}.Debug|ARM64.Build.0 = Debug|Any CPU
		{EC83F350-E23F-432E-9576-65CB14FD4B93}.Debug|x64.ActiveCfg = Debug|Any CPU
		{EC83F350-E23F-432E-9576-65CB14FD4B93}.Debug|x64.Build.0 = Debug|Any CPU
		{EC83F350-E23F-432E-9576-65CB14FD4B93}.Debug|x86.ActiveCfg = Debug|Any CPU
		{EC83F350-E23F-432E-9576-65CB14FD4B93}.Debug|x86.Build.0 = Debug|Any CPU
		{EC83F350-E23F-432E-9576-65CB14FD4B93}.Release|Any CPU.ActiveCfg = Release|Any CPU
		{EC83F350-E23F-432E-9576-65CB14FD4B93}.Release|Any CPU.Build.0 = Release|Any CPU
		{EC83F350-E23F-432E-9576-65CB14FD4B93}.Release|ARM64.ActiveCfg = Release|Any CPU
		{EC83F350-E23F-432E-9576-65CB14FD4B93}.Release|ARM64.Build.0 = Release|Any CPU
		{EC83F350-E23F-432E-9576-65CB14FD4B93}.Release|x64.ActiveCfg = Release|Any CPU
		{EC83F350-E23F-432E-9576-65CB14FD4B93}.Release|x64.Build.0 = Release|Any CPU
		{EC83F350-E23F-432E-9576-65CB14FD4B93}.Release|x86.ActiveCfg = Release|Any CPU
		{EC83F350-E23F-432E-9576-65CB14FD4B93}.Release|x86.Build.0 = Release|Any CPU
		{E14BABDD-C63B-4D7A-8F7D-3D6A8FCC7EF5}.Debug|Any CPU.ActiveCfg = Debug|Any CPU
		{E14BABDD-C63B-4D7A-8F7D-3D6A8FCC7EF5}.Debug|Any CPU.Build.0 = Debug|Any CPU
		{E14BABDD-C63B-4D7A-8F7D-3D6A8FCC7EF5}.Debug|ARM64.ActiveCfg = Debug|Any CPU
		{E14BABDD-C63B-4D7A-8F7D-3D6A8FCC7EF5}.Debug|ARM64.Build.0 = Debug|Any CPU
		{E14BABDD-C63B-4D7A-8F7D-3D6A8FCC7EF5}.Debug|x64.ActiveCfg = Debug|Any CPU
		{E14BABDD-C63B-4D7A-8F7D-3D6A8FCC7EF5}.Debug|x64.Build.0 = Debug|Any CPU
		{E14BABDD-C63B-4D7A-8F7D-3D6A8FCC7EF5}.Debug|x86.ActiveCfg = Debug|Any CPU
		{E14BABDD-C63B-4D7A-8F7D-3D6A8FCC7EF5}.Debug|x86.Build.0 = Debug|Any CPU
		{E14BABDD-C63B-4D7A-8F7D-3D6A8FCC7EF5}.Release|Any CPU.ActiveCfg = Release|Any CPU
		{E14BABDD-C63B-4D7A-8F7D-3D6A8FCC7EF5}.Release|Any CPU.Build.0 = Release|Any CPU
		{E14BABDD-C63B-4D7A-8F7D-3D6A8FCC7EF5}.Release|ARM64.ActiveCfg = Release|Any CPU
		{E14BABDD-C63B-4D7A-8F7D-3D6A8FCC7EF5}.Release|ARM64.Build.0 = Release|Any CPU
		{E14BABDD-C63B-4D7A-8F7D-3D6A8FCC7EF5}.Release|x64.ActiveCfg = Release|Any CPU
		{E14BABDD-C63B-4D7A-8F7D-3D6A8FCC7EF5}.Release|x64.Build.0 = Release|Any CPU
		{E14BABDD-C63B-4D7A-8F7D-3D6A8FCC7EF5}.Release|x86.ActiveCfg = Release|Any CPU
		{E14BABDD-C63B-4D7A-8F7D-3D6A8FCC7EF5}.Release|x86.Build.0 = Release|Any CPU
		{03E6A250-872D-4150-800A-2B2FA7C384B8}.Debug|Any CPU.ActiveCfg = Debug|Any CPU
		{03E6A250-872D-4150-800A-2B2FA7C384B8}.Debug|Any CPU.Build.0 = Debug|Any CPU
		{03E6A250-872D-4150-800A-2B2FA7C384B8}.Debug|ARM64.ActiveCfg = Debug|Any CPU
		{03E6A250-872D-4150-800A-2B2FA7C384B8}.Debug|ARM64.Build.0 = Debug|Any CPU
		{03E6A250-872D-4150-800A-2B2FA7C384B8}.Debug|x64.ActiveCfg = Debug|Any CPU
		{03E6A250-872D-4150-800A-2B2FA7C384B8}.Debug|x64.Build.0 = Debug|Any CPU
		{03E6A250-872D-4150-800A-2B2FA7C384B8}.Debug|x86.ActiveCfg = Debug|Any CPU
		{03E6A250-872D-4150-800A-2B2FA7C384B8}.Debug|x86.Build.0 = Debug|Any CPU
		{03E6A250-872D-4150-800A-2B2FA7C384B8}.Release|Any CPU.ActiveCfg = Release|Any CPU
		{03E6A250-872D-4150-800A-2B2FA7C384B8}.Release|Any CPU.Build.0 = Release|Any CPU
		{03E6A250-872D-4150-800A-2B2FA7C384B8}.Release|ARM64.ActiveCfg = Release|Any CPU
		{03E6A250-872D-4150-800A-2B2FA7C384B8}.Release|ARM64.Build.0 = Release|Any CPU
		{03E6A250-872D-4150-800A-2B2FA7C384B8}.Release|x64.ActiveCfg = Release|Any CPU
		{03E6A250-872D-4150-800A-2B2FA7C384B8}.Release|x64.Build.0 = Release|Any CPU
		{03E6A250-872D-4150-800A-2B2FA7C384B8}.Release|x86.ActiveCfg = Release|Any CPU
		{03E6A250-872D-4150-800A-2B2FA7C384B8}.Release|x86.Build.0 = Release|Any CPU
		{84F0E1B4-AA4E-490D-BE92-B70A5B43C8D5}.Debug|Any CPU.ActiveCfg = Debug|Any CPU
		{84F0E1B4-AA4E-490D-BE92-B70A5B43C8D5}.Debug|Any CPU.Build.0 = Debug|Any CPU
		{84F0E1B4-AA4E-490D-BE92-B70A5B43C8D5}.Debug|ARM64.ActiveCfg = Debug|Any CPU
		{84F0E1B4-AA4E-490D-BE92-B70A5B43C8D5}.Debug|ARM64.Build.0 = Debug|Any CPU
		{84F0E1B4-AA4E-490D-BE92-B70A5B43C8D5}.Debug|x64.ActiveCfg = Debug|Any CPU
		{84F0E1B4-AA4E-490D-BE92-B70A5B43C8D5}.Debug|x64.Build.0 = Debug|Any CPU
		{84F0E1B4-AA4E-490D-BE92-B70A5B43C8D5}.Debug|x86.ActiveCfg = Debug|Any CPU
		{84F0E1B4-AA4E-490D-BE92-B70A5B43C8D5}.Debug|x86.Build.0 = Debug|Any CPU
		{84F0E1B4-AA4E-490D-BE92-B70A5B43C8D5}.Release|Any CPU.ActiveCfg = Release|Any CPU
		{84F0E1B4-AA4E-490D-BE92-B70A5B43C8D5}.Release|Any CPU.Build.0 = Release|Any CPU
		{84F0E1B4-AA4E-490D-BE92-B70A5B43C8D5}.Release|ARM64.ActiveCfg = Release|Any CPU
		{84F0E1B4-AA4E-490D-BE92-B70A5B43C8D5}.Release|ARM64.Build.0 = Release|Any CPU
		{84F0E1B4-AA4E-490D-BE92-B70A5B43C8D5}.Release|x64.ActiveCfg = Release|Any CPU
		{84F0E1B4-AA4E-490D-BE92-B70A5B43C8D5}.Release|x64.Build.0 = Release|Any CPU
		{84F0E1B4-AA4E-490D-BE92-B70A5B43C8D5}.Release|x86.ActiveCfg = Release|Any CPU
		{84F0E1B4-AA4E-490D-BE92-B70A5B43C8D5}.Release|x86.Build.0 = Release|Any CPU
		{83959BC8-D57C-4F84-8B7C-980569BD50C2}.Debug|Any CPU.ActiveCfg = Debug|Any CPU
		{83959BC8-D57C-4F84-8B7C-980569BD50C2}.Debug|Any CPU.Build.0 = Debug|Any CPU
		{83959BC8-D57C-4F84-8B7C-980569BD50C2}.Debug|ARM64.ActiveCfg = Debug|Any CPU
		{83959BC8-D57C-4F84-8B7C-980569BD50C2}.Debug|ARM64.Build.0 = Debug|Any CPU
		{83959BC8-D57C-4F84-8B7C-980569BD50C2}.Debug|x64.ActiveCfg = Debug|Any CPU
		{83959BC8-D57C-4F84-8B7C-980569BD50C2}.Debug|x64.Build.0 = Debug|Any CPU
		{83959BC8-D57C-4F84-8B7C-980569BD50C2}.Debug|x86.ActiveCfg = Debug|Any CPU
		{83959BC8-D57C-4F84-8B7C-980569BD50C2}.Debug|x86.Build.0 = Debug|Any CPU
		{83959BC8-D57C-4F84-8B7C-980569BD50C2}.Release|Any CPU.ActiveCfg = Release|Any CPU
		{83959BC8-D57C-4F84-8B7C-980569BD50C2}.Release|Any CPU.Build.0 = Release|Any CPU
		{83959BC8-D57C-4F84-8B7C-980569BD50C2}.Release|ARM64.ActiveCfg = Release|Any CPU
		{83959BC8-D57C-4F84-8B7C-980569BD50C2}.Release|ARM64.Build.0 = Release|Any CPU
		{83959BC8-D57C-4F84-8B7C-980569BD50C2}.Release|x64.ActiveCfg = Release|Any CPU
		{83959BC8-D57C-4F84-8B7C-980569BD50C2}.Release|x64.Build.0 = Release|Any CPU
		{83959BC8-D57C-4F84-8B7C-980569BD50C2}.Release|x86.ActiveCfg = Release|Any CPU
		{83959BC8-D57C-4F84-8B7C-980569BD50C2}.Release|x86.Build.0 = Release|Any CPU
		{EE6BD344-E60A-4837-B4B9-BFD31DC2DA0F}.Debug|Any CPU.ActiveCfg = Debug|Any CPU
		{EE6BD344-E60A-4837-B4B9-BFD31DC2DA0F}.Debug|Any CPU.Build.0 = Debug|Any CPU
		{EE6BD344-E60A-4837-B4B9-BFD31DC2DA0F}.Debug|ARM64.ActiveCfg = Debug|Any CPU
		{EE6BD344-E60A-4837-B4B9-BFD31DC2DA0F}.Debug|ARM64.Build.0 = Debug|Any CPU
		{EE6BD344-E60A-4837-B4B9-BFD31DC2DA0F}.Debug|x64.ActiveCfg = Debug|Any CPU
		{EE6BD344-E60A-4837-B4B9-BFD31DC2DA0F}.Debug|x64.Build.0 = Debug|Any CPU
		{EE6BD344-E60A-4837-B4B9-BFD31DC2DA0F}.Debug|x86.ActiveCfg = Debug|Any CPU
		{EE6BD344-E60A-4837-B4B9-BFD31DC2DA0F}.Debug|x86.Build.0 = Debug|Any CPU
		{EE6BD344-E60A-4837-B4B9-BFD31DC2DA0F}.Release|Any CPU.ActiveCfg = Release|Any CPU
		{EE6BD344-E60A-4837-B4B9-BFD31DC2DA0F}.Release|Any CPU.Build.0 = Release|Any CPU
		{EE6BD344-E60A-4837-B4B9-BFD31DC2DA0F}.Release|ARM64.ActiveCfg = Release|Any CPU
		{EE6BD344-E60A-4837-B4B9-BFD31DC2DA0F}.Release|ARM64.Build.0 = Release|Any CPU
		{EE6BD344-E60A-4837-B4B9-BFD31DC2DA0F}.Release|x64.ActiveCfg = Release|Any CPU
		{EE6BD344-E60A-4837-B4B9-BFD31DC2DA0F}.Release|x64.Build.0 = Release|Any CPU
		{EE6BD344-E60A-4837-B4B9-BFD31DC2DA0F}.Release|x86.ActiveCfg = Release|Any CPU
		{EE6BD344-E60A-4837-B4B9-BFD31DC2DA0F}.Release|x86.Build.0 = Release|Any CPU
		{93E88CBA-AD2E-453D-A4CB-CE072EC1C030}.Debug|Any CPU.ActiveCfg = Debug|Any CPU
		{93E88CBA-AD2E-453D-A4CB-CE072EC1C030}.Debug|Any CPU.Build.0 = Debug|Any CPU
		{93E88CBA-AD2E-453D-A4CB-CE072EC1C030}.Debug|ARM64.ActiveCfg = Debug|Any CPU
		{93E88CBA-AD2E-453D-A4CB-CE072EC1C030}.Debug|ARM64.Build.0 = Debug|Any CPU
		{93E88CBA-AD2E-453D-A4CB-CE072EC1C030}.Debug|x64.ActiveCfg = Debug|Any CPU
		{93E88CBA-AD2E-453D-A4CB-CE072EC1C030}.Debug|x64.Build.0 = Debug|Any CPU
		{93E88CBA-AD2E-453D-A4CB-CE072EC1C030}.Debug|x86.ActiveCfg = Debug|Any CPU
		{93E88CBA-AD2E-453D-A4CB-CE072EC1C030}.Debug|x86.Build.0 = Debug|Any CPU
		{93E88CBA-AD2E-453D-A4CB-CE072EC1C030}.Release|Any CPU.ActiveCfg = Release|Any CPU
		{93E88CBA-AD2E-453D-A4CB-CE072EC1C030}.Release|Any CPU.Build.0 = Release|Any CPU
		{93E88CBA-AD2E-453D-A4CB-CE072EC1C030}.Release|ARM64.ActiveCfg = Release|Any CPU
		{93E88CBA-AD2E-453D-A4CB-CE072EC1C030}.Release|ARM64.Build.0 = Release|Any CPU
		{93E88CBA-AD2E-453D-A4CB-CE072EC1C030}.Release|x64.ActiveCfg = Release|Any CPU
		{93E88CBA-AD2E-453D-A4CB-CE072EC1C030}.Release|x64.Build.0 = Release|Any CPU
		{93E88CBA-AD2E-453D-A4CB-CE072EC1C030}.Release|x86.ActiveCfg = Release|Any CPU
		{93E88CBA-AD2E-453D-A4CB-CE072EC1C030}.Release|x86.Build.0 = Release|Any CPU
		{1B43D1E5-24DA-4F92-B0ED-316EAE083D7C}.Debug|Any CPU.ActiveCfg = Debug|Any CPU
		{1B43D1E5-24DA-4F92-B0ED-316EAE083D7C}.Debug|Any CPU.Build.0 = Debug|Any CPU
		{1B43D1E5-24DA-4F92-B0ED-316EAE083D7C}.Debug|ARM64.ActiveCfg = Debug|Any CPU
		{1B43D1E5-24DA-4F92-B0ED-316EAE083D7C}.Debug|ARM64.Build.0 = Debug|Any CPU
		{1B43D1E5-24DA-4F92-B0ED-316EAE083D7C}.Debug|x64.ActiveCfg = Debug|Any CPU
		{1B43D1E5-24DA-4F92-B0ED-316EAE083D7C}.Debug|x64.Build.0 = Debug|Any CPU
		{1B43D1E5-24DA-4F92-B0ED-316EAE083D7C}.Debug|x86.ActiveCfg = Debug|Any CPU
		{1B43D1E5-24DA-4F92-B0ED-316EAE083D7C}.Debug|x86.Build.0 = Debug|Any CPU
		{1B43D1E5-24DA-4F92-B0ED-316EAE083D7C}.Release|Any CPU.ActiveCfg = Release|Any CPU
		{1B43D1E5-24DA-4F92-B0ED-316EAE083D7C}.Release|Any CPU.Build.0 = Release|Any CPU
		{1B43D1E5-24DA-4F92-B0ED-316EAE083D7C}.Release|ARM64.ActiveCfg = Release|Any CPU
		{1B43D1E5-24DA-4F92-B0ED-316EAE083D7C}.Release|ARM64.Build.0 = Release|Any CPU
		{1B43D1E5-24DA-4F92-B0ED-316EAE083D7C}.Release|x64.ActiveCfg = Release|Any CPU
		{1B43D1E5-24DA-4F92-B0ED-316EAE083D7C}.Release|x64.Build.0 = Release|Any CPU
		{1B43D1E5-24DA-4F92-B0ED-316EAE083D7C}.Release|x86.ActiveCfg = Release|Any CPU
		{1B43D1E5-24DA-4F92-B0ED-316EAE083D7C}.Release|x86.Build.0 = Release|Any CPU
		{55ADCEE0-CBFB-457D-991D-04FF712729CC}.Debug|Any CPU.ActiveCfg = Debug|Any CPU
		{55ADCEE0-CBFB-457D-991D-04FF712729CC}.Debug|Any CPU.Build.0 = Debug|Any CPU
		{55ADCEE0-CBFB-457D-991D-04FF712729CC}.Debug|ARM64.ActiveCfg = Debug|Any CPU
		{55ADCEE0-CBFB-457D-991D-04FF712729CC}.Debug|ARM64.Build.0 = Debug|Any CPU
		{55ADCEE0-CBFB-457D-991D-04FF712729CC}.Debug|x64.ActiveCfg = Debug|Any CPU
		{55ADCEE0-CBFB-457D-991D-04FF712729CC}.Debug|x64.Build.0 = Debug|Any CPU
		{55ADCEE0-CBFB-457D-991D-04FF712729CC}.Debug|x86.ActiveCfg = Debug|Any CPU
		{55ADCEE0-CBFB-457D-991D-04FF712729CC}.Debug|x86.Build.0 = Debug|Any CPU
		{55ADCEE0-CBFB-457D-991D-04FF712729CC}.Release|Any CPU.ActiveCfg = Release|Any CPU
		{55ADCEE0-CBFB-457D-991D-04FF712729CC}.Release|Any CPU.Build.0 = Release|Any CPU
		{55ADCEE0-CBFB-457D-991D-04FF712729CC}.Release|ARM64.ActiveCfg = Release|Any CPU
		{55ADCEE0-CBFB-457D-991D-04FF712729CC}.Release|ARM64.Build.0 = Release|Any CPU
		{55ADCEE0-CBFB-457D-991D-04FF712729CC}.Release|x64.ActiveCfg = Release|Any CPU
		{55ADCEE0-CBFB-457D-991D-04FF712729CC}.Release|x64.Build.0 = Release|Any CPU
		{55ADCEE0-CBFB-457D-991D-04FF712729CC}.Release|x86.ActiveCfg = Release|Any CPU
		{55ADCEE0-CBFB-457D-991D-04FF712729CC}.Release|x86.Build.0 = Release|Any CPU
		{A79CCBC0-96B3-4B33-BC23-B2C4746D62DA}.Debug|Any CPU.ActiveCfg = Debug|Any CPU
		{A79CCBC0-96B3-4B33-BC23-B2C4746D62DA}.Debug|Any CPU.Build.0 = Debug|Any CPU
		{A79CCBC0-96B3-4B33-BC23-B2C4746D62DA}.Debug|ARM64.ActiveCfg = Debug|Any CPU
		{A79CCBC0-96B3-4B33-BC23-B2C4746D62DA}.Debug|ARM64.Build.0 = Debug|Any CPU
		{A79CCBC0-96B3-4B33-BC23-B2C4746D62DA}.Debug|x64.ActiveCfg = Debug|Any CPU
		{A79CCBC0-96B3-4B33-BC23-B2C4746D62DA}.Debug|x64.Build.0 = Debug|Any CPU
		{A79CCBC0-96B3-4B33-BC23-B2C4746D62DA}.Debug|x86.ActiveCfg = Debug|Any CPU
		{A79CCBC0-96B3-4B33-BC23-B2C4746D62DA}.Debug|x86.Build.0 = Debug|Any CPU
		{A79CCBC0-96B3-4B33-BC23-B2C4746D62DA}.Release|Any CPU.ActiveCfg = Release|Any CPU
		{A79CCBC0-96B3-4B33-BC23-B2C4746D62DA}.Release|Any CPU.Build.0 = Release|Any CPU
		{A79CCBC0-96B3-4B33-BC23-B2C4746D62DA}.Release|ARM64.ActiveCfg = Release|Any CPU
		{A79CCBC0-96B3-4B33-BC23-B2C4746D62DA}.Release|ARM64.Build.0 = Release|Any CPU
		{A79CCBC0-96B3-4B33-BC23-B2C4746D62DA}.Release|x64.ActiveCfg = Release|Any CPU
		{A79CCBC0-96B3-4B33-BC23-B2C4746D62DA}.Release|x64.Build.0 = Release|Any CPU
		{A79CCBC0-96B3-4B33-BC23-B2C4746D62DA}.Release|x86.ActiveCfg = Release|Any CPU
		{A79CCBC0-96B3-4B33-BC23-B2C4746D62DA}.Release|x86.Build.0 = Release|Any CPU
		{4A9B8E65-D9D7-4AA1-8FB0-143F4FB3026F}.Debug|Any CPU.ActiveCfg = Debug|Any CPU
		{4A9B8E65-D9D7-4AA1-8FB0-143F4FB3026F}.Debug|Any CPU.Build.0 = Debug|Any CPU
		{4A9B8E65-D9D7-4AA1-8FB0-143F4FB3026F}.Debug|ARM64.ActiveCfg = Debug|Any CPU
		{4A9B8E65-D9D7-4AA1-8FB0-143F4FB3026F}.Debug|ARM64.Build.0 = Debug|Any CPU
		{4A9B8E65-D9D7-4AA1-8FB0-143F4FB3026F}.Debug|x64.ActiveCfg = Debug|Any CPU
		{4A9B8E65-D9D7-4AA1-8FB0-143F4FB3026F}.Debug|x64.Build.0 = Debug|Any CPU
		{4A9B8E65-D9D7-4AA1-8FB0-143F4FB3026F}.Debug|x86.ActiveCfg = Debug|Any CPU
		{4A9B8E65-D9D7-4AA1-8FB0-143F4FB3026F}.Debug|x86.Build.0 = Debug|Any CPU
		{4A9B8E65-D9D7-4AA1-8FB0-143F4FB3026F}.Release|Any CPU.ActiveCfg = Release|Any CPU
		{4A9B8E65-D9D7-4AA1-8FB0-143F4FB3026F}.Release|Any CPU.Build.0 = Release|Any CPU
		{4A9B8E65-D9D7-4AA1-8FB0-143F4FB3026F}.Release|ARM64.ActiveCfg = Release|Any CPU
		{4A9B8E65-D9D7-4AA1-8FB0-143F4FB3026F}.Release|ARM64.Build.0 = Release|Any CPU
		{4A9B8E65-D9D7-4AA1-8FB0-143F4FB3026F}.Release|x64.ActiveCfg = Release|Any CPU
		{4A9B8E65-D9D7-4AA1-8FB0-143F4FB3026F}.Release|x64.Build.0 = Release|Any CPU
		{4A9B8E65-D9D7-4AA1-8FB0-143F4FB3026F}.Release|x86.ActiveCfg = Release|Any CPU
		{4A9B8E65-D9D7-4AA1-8FB0-143F4FB3026F}.Release|x86.Build.0 = Release|Any CPU
		{B71AB148-2C1F-4EBE-80B4-EB1B6F6A4182}.Debug|Any CPU.ActiveCfg = Debug|Any CPU
		{B71AB148-2C1F-4EBE-80B4-EB1B6F6A4182}.Debug|Any CPU.Build.0 = Debug|Any CPU
		{B71AB148-2C1F-4EBE-80B4-EB1B6F6A4182}.Debug|ARM64.ActiveCfg = Debug|Any CPU
		{B71AB148-2C1F-4EBE-80B4-EB1B6F6A4182}.Debug|ARM64.Build.0 = Debug|Any CPU
		{B71AB148-2C1F-4EBE-80B4-EB1B6F6A4182}.Debug|x64.ActiveCfg = Debug|Any CPU
		{B71AB148-2C1F-4EBE-80B4-EB1B6F6A4182}.Debug|x64.Build.0 = Debug|Any CPU
		{B71AB148-2C1F-4EBE-80B4-EB1B6F6A4182}.Debug|x86.ActiveCfg = Debug|Any CPU
		{B71AB148-2C1F-4EBE-80B4-EB1B6F6A4182}.Debug|x86.Build.0 = Debug|Any CPU
		{B71AB148-2C1F-4EBE-80B4-EB1B6F6A4182}.Release|Any CPU.ActiveCfg = Release|Any CPU
		{B71AB148-2C1F-4EBE-80B4-EB1B6F6A4182}.Release|Any CPU.Build.0 = Release|Any CPU
		{B71AB148-2C1F-4EBE-80B4-EB1B6F6A4182}.Release|ARM64.ActiveCfg = Release|Any CPU
		{B71AB148-2C1F-4EBE-80B4-EB1B6F6A4182}.Release|ARM64.Build.0 = Release|Any CPU
		{B71AB148-2C1F-4EBE-80B4-EB1B6F6A4182}.Release|x64.ActiveCfg = Release|Any CPU
		{B71AB148-2C1F-4EBE-80B4-EB1B6F6A4182}.Release|x64.Build.0 = Release|Any CPU
		{B71AB148-2C1F-4EBE-80B4-EB1B6F6A4182}.Release|x86.ActiveCfg = Release|Any CPU
		{B71AB148-2C1F-4EBE-80B4-EB1B6F6A4182}.Release|x86.Build.0 = Release|Any CPU
	EndGlobalSection
	GlobalSection(SolutionProperties) = preSolution
		HideSolutionNode = FALSE
	EndGlobalSection
	GlobalSection(NestedProjects) = preSolution
		{1B7DC948-C8A4-4772-B372-2008D0D7B44E} = {BD2D8554-869B-4D1A-B768-2608F8FAE5CF}
		{EC83F350-E23F-432E-9576-65CB14FD4B93} = {BD2D8554-869B-4D1A-B768-2608F8FAE5CF}
		{EE6BD344-E60A-4837-B4B9-BFD31DC2DA0F} = {BD2D8554-869B-4D1A-B768-2608F8FAE5CF}
		{93E88CBA-AD2E-453D-A4CB-CE072EC1C030} = {BD2D8554-869B-4D1A-B768-2608F8FAE5CF}
		{1B43D1E5-24DA-4F92-B0ED-316EAE083D7C} = {BD2D8554-869B-4D1A-B768-2608F8FAE5CF}
		{A79CCBC0-96B3-4B33-BC23-B2C4746D62DA} = {BD2D8554-869B-4D1A-B768-2608F8FAE5CF}
		{B71AB148-2C1F-4EBE-80B4-EB1B6F6A4182} = {BD2D8554-869B-4D1A-B768-2608F8FAE5CF}
	EndGlobalSection
	GlobalSection(ExtensibilityGlobals) = postSolution
		SolutionGuid = {361F16FD-13F5-4FF1-909E-27CD924A25F2}
	EndGlobalSection
EndGlobal
